
Microsoft Visual Studio Solution File, Format Version 12.00
# Visual Studio Version 17
VisualStudioVersion = 17.8.34511.84
MinimumVisualStudioVersion = 10.0.40219.1
Project("{FAE04EC0-301F-11D3-BF4B-00C04F79EFBC}") = "veh-info", "veh-info.csproj", "{4EEA53B6-FC5A-46E9-B31E-0EAC828B5EDC}"
EndProject
Global
	GlobalSection(SolutionConfigurationPlatforms) = preSolution
		Debug|Any CPU = Debug|Any CPU
		Release|Any CPU = Release|Any CPU
	EndGlobalSection
	GlobalSection(ProjectConfigurationPlatforms) = postSolution
		{4EEA53B6-FC5A-46E9-B31E-0EAC828B5EDC}.Debug|Any CPU.ActiveCfg = Debug|Any CPU
		{4EEA53B6-FC5A-46E9-B31E-0EAC828B5EDC}.Debug|Any CPU.Build.0 = Debug|Any CPU
		{4EEA53B6-FC5A-46E9-B31E-0EAC828B5EDC}.Release|Any CPU.ActiveCfg = Release|Any CPU
		{4EEA53B6-FC5A-46E9-B31E-0EAC828B5EDC}.Release|Any CPU.Build.0 = Release|Any CPU
	EndGlobalSection
	GlobalSection(SolutionProperties) = preSolution
		HideSolutionNode = FALSE
	EndGlobalSection
	GlobalSection(ExtensibilityGlobals) = postSolution
		SolutionGuid = {B6A6FBE1-DD87-4112-AB8F-DFD0BA1CF719}
	EndGlobalSection
EndGlobal
